// !$*UTF8*$!
{
	archiveVersion = 1;
	classes = {
	};
	objectVersion = 77;
	objects = {

/* Begin PBXBuildFile section */
		2D55D0B52ED96B5C0013D077 /* FirebaseMessaging in Frameworks */ = {isa = PBXBuildFile; productRef = 2D55D0B42ED96B5C0013D077 /* FirebaseMessaging */; };
		2D55D0E42EE153660013D077 /* FirebaseInAppMessaging-Beta in Frameworks */ = {isa = PBXBuildFile; productRef = 2D55D0E32EE153660013D077 /* FirebaseInAppMessaging-Beta */; };
/* End PBXBuildFile section */

/* Begin PBXContainerItemProxy section */
		2D7C13822E8D466A00711549 /* PBXContainerItemProxy */ = {
			isa = PBXContainerItemProxy;
			containerPortal = 2D7C13632E8D466800711549 /* Project object */;
			proxyType = 1;
			remoteGlobalIDString = 2D7C136A2E8D466800711549;
			remoteInfo = ARTLY;
		};
		2D7C138C2E8D466A00711549 /* PBXContainerItemProxy */ = {
			isa = PBXContainerItemProxy;
			containerPortal = 2D7C13632E8D466800711549 /* Project object */;
			proxyType = 1;
			remoteGlobalIDString = 2D7C136A2E8D466800711549;
			remoteInfo = ARTLY;
		};
/* End PBXContainerItemProxy section */

/* Begin PBXFileReference section */
		2D7C136B2E8D466800711549 /* ARTLY.app */ = {isa = PBXFileReference; explicitFileType = wrapper.application; includeInIndex = 0; path = ARTLY.app; sourceTree = BUILT_PRODUCTS_DIR; };
		2D7C13812E8D466A00711549 /* ARTLYTests.xctest */ = {isa = PBXFileReference; explicitFileType = wrapper.cfbundle; includeInIndex = 0; path = ARTLYTests.xctest; sourceTree = BUILT_PRODUCTS_DIR; };
		2D7C138B2E8D466A00711549 /* ARTLYUITests.xctest */ = {isa = PBXFileReference; explicitFileType = wrapper.cfbundle; includeInIndex = 0; path = ARTLYUITests.xctest; sourceTree = BUILT_PRODUCTS_DIR; };
/* End PBXFileReference section */

/* Begin PBXFileSystemSynchronizedBuildFileExceptionSet section */
		2D7C13932E8D466A00711549 /* Exceptions for "ARTLY" folder in "ARTLY" target */ = {
			isa = PBXFileSystemSynchronizedBuildFileExceptionSet;
			membershipExceptions = (
				Info.plist,
			);
			target = 2D7C136A2E8D466800711549 /* ARTLY */;
		};
/* End PBXFileSystemSynchronizedBuildFileExceptionSet section */

/* Begin PBXFileSystemSynchronizedRootGroup section */
		2D7C136D2E8D466800711549 /* ARTLY */ = {
			isa = PBXFileSystemSynchronizedRootGroup;
			exceptions = (
				2D7C13932E8D466A00711549 /* Exceptions for "ARTLY" folder in "ARTLY" target */,
			);
			path = ARTLY;
			sourceTree = "<group>";
		};
		2D7C13842E8D466A00711549 /* ARTLYTests */ = {
			isa = PBXFileSystemSynchronizedRootGroup;
			path = ARTLYTests;
			sourceTree = "<group>";
		};
		2D7C138E2E8D466A00711549 /* ARTLYUITests */ = {
			isa = PBXFileSystemSynchronizedRootGroup;
			path = ARTLYUITests;
			sourceTree = "<group>";
		};
/* End PBXFileSystemSynchronizedRootGroup section */

/* Begin PBXFrameworksBuildPhase section */
		2D7C13682E8D466800711549 /* Frameworks */ = {
			isa = PBXFrameworksBuildPhase;
			buildActionMask = 2147483647;
			files = (
				2D55D0B52ED96B5C0013D077 /* FirebaseMessaging in Frameworks */,
				2D55D0E42EE153660013D077 /* FirebaseInAppMessaging-Beta in Frameworks */,
			);
			runOnlyForDeploymentPostprocessing = 0;
		};
		2D7C137E2E8D466A00711549 /* Frameworks */ = {
			isa = PBXFrameworksBuildPhase;
			buildActionMask = 2147483647;
			files = (
			);
			runOnlyForDeploymentPostprocessing = 0;
		};
		2D7C13882E8D466A00711549 /* Frameworks */ = {
			isa = PBXFrameworksBuildPhase;
			buildActionMask = 2147483647;
			files = (
			);
			runOnlyForDeploymentPostprocessing = 0;
		};
/* End PBXFrameworksBuildPhase section */

/* Begin PBXGroup section */
		2D7C13622E8D466800711549 = {
			isa = PBXGroup;
			children = (
				2D7C136D2E8D466800711549 /* ARTLY */,
				2D7C13842E8D466A00711549 /* ARTLYTests */,
				2D7C138E2E8D466A00711549 /* ARTLYUITests */,
				2D7C136C2E8D466800711549 /* Products */,
			);
			sourceTree = "<group>";
		};
		2D7C136C2E8D466800711549 /* Products */ = {
			isa = PBXGroup;
			children = (
				2D7C136B2E8D466800711549 /* ARTLY.app */,
				2D7C13812E8D466A00711549 /* ARTLYTests.xctest */,
				2D7C138B2E8D466A00711549 /* ARTLYUITests.xctest */,
			);
			name = Products;
			sourceTree = "<group>";
		};
/* End PBXGroup section */

/* Begin PBXNativeTarget section */
		2D7C136A2E8D466800711549 /* ARTLY */ = {
			isa = PBXNativeTarget;
			buildConfigurationList = 2D7C13942E8D466A00711549 /* Build configuration list for PBXNativeTarget "ARTLY" */;
			buildPhases = (
				2D7C13672E8D466800711549 /* Sources */,
				2D7C13682E8D466800711549 /* Frameworks */,
				2D7C13692E8D466800711549 /* Resources */,
			);
			buildRules = (
			);
			dependencies = (
			);
			fileSystemSynchronizedGroups = (
				2D7C136D2E8D466800711549 /* ARTLY */,
			);
			name = ARTLY;
			packageProductDependencies = (
				2D55D0B42ED96B5C0013D077 /* FirebaseMessaging */,
				2D55D0E32EE153660013D077 /* FirebaseInAppMessaging-Beta */,
			);
			productName = ARTLY;
			productReference = 2D7C136B2E8D466800711549 /* ARTLY.app */;
			productType = "com.apple.product-type.application";
		};
		2D7C13802E8D466A00711549 /* ARTLYTests */ = {
			isa = PBXNativeTarget;
			buildConfigurationList = 2D7C13992E8D466A00711549 /* Build configuration list for PBXNativeTarget "ARTLYTests" */;
			buildPhases = (
				2D7C137D2E8D466A00711549 /* Sources */,
				2D7C137E2E8D466A00711549 /* Frameworks */,
				2D7C137F2E8D466A00711549 /* Resources */,
			);
			buildRules = (
			);
			dependencies = (
				2D7C13832E8D466A00711549 /* PBXTargetDependency */,
			);
			fileSystemSynchronizedGroups = (
				2D7C13842E8D466A00711549 /* ARTLYTests */,
			);
			name = ARTLYTests;
			packageProductDependencies = (
			);
			productName = ARTLYTests;
			productReference = 2D7C13812E8D466A00711549 /* ARTLYTests.xctest */;
			productType = "com.apple.product-type.bundle.unit-test";
		};
		2D7C138A2E8D466A00711549 /* ARTLYUITests */ = {
			isa = PBXNativeTarget;
			buildConfigurationList = 2D7C139C2E8D466A00711549 /* Build configuration list for PBXNativeTarget "ARTLYUITests" */;
			buildPhases = (
				2D7C13872E8D466A00711549 /* Sources */,
				2D7C13882E8D466A00711549 /* Frameworks */,
				2D7C13892E8D466A00711549 /* Resources */,
			);
			buildRules = (
			);
			dependencies = (
				2D7C138D2E8D466A00711549 /* PBXTargetDependency */,
			);
			fileSystemSynchronizedGroups = (
				2D7C138E2E8D466A00711549 /* ARTLYUITests */,
			);
			name = ARTLYUITests;
			packageProductDependencies = (
			);
			productName = ARTLYUITests;
			productReference = 2D7C138B2E8D466A00711549 /* ARTLYUITests.xctest */;
			productType = "com.apple.product-type.bundle.ui-testing";
		};
/* End PBXNativeTarget section */

/* Begin PBXProject section */
		2D7C13632E8D466800711549 /* Project object */ = {
			isa = PBXProject;
			attributes = {
				BuildIndependentTargetsInParallel = 1;
				LastSwiftUpdateCheck = 1630;
				LastUpgradeCheck = 1630;
				TargetAttributes = {
					2D7C136A2E8D466800711549 = {
						CreatedOnToolsVersion = 16.3;
					};
					2D7C13802E8D466A00711549 = {
						CreatedOnToolsVersion = 16.3;
						TestTargetID = 2D7C136A2E8D466800711549;
					};
					2D7C138A2E8D466A00711549 = {
						CreatedOnToolsVersion = 16.3;
						TestTargetID = 2D7C136A2E8D466800711549;
					};
				};
			};
			buildConfigurationList = 2D7C13662E8D466800711549 /* Build configuration list for PBXProject "ARTLY" */;
			developmentRegion = en;
			hasScannedForEncodings = 0;
			knownRegions = (
				en,
				Base,
			);
			mainGroup = 2D7C13622E8D466800711549;
			minimizedProjectReferenceProxies = 1;
			packageReferences = (
				2D55D0B32ED96B5C0013D077 /* XCRemoteSwiftPackageReference "firebase-ios-sdk" */,
			);
			preferredProjectObjectVersion = 77;
			productRefGroup = 2D7C136C2E8D466800711549 /* Products */;
			projectDirPath = "";
			projectRoot = "";
			targets = (
				2D7C136A2E8D466800711549 /* ARTLY */,
				2D7C13802E8D466A00711549 /* ARTLYTests */,
				2D7C138A2E8D466A00711549 /* ARTLYUITests */,
			);
		};
/* End PBXProject section */

/* Begin PBXResourcesBuildPhase section */
		2D7C13692E8D466800711549 /* Resources */ = {
			isa = PBXResourcesBuildPhase;
			buildActionMask = 2147483647;
			files = (
			);
			runOnlyForDeploymentPostprocessing = 0;
		};
		2D7C137F2E8D466A00711549 /* Resources */ = {
			isa = PBXResourcesBuildPhase;
			buildActionMask = 2147483647;
			files = (
			);
			runOnlyForDeploymentPostprocessing = 0;
		};
		2D7C13892E8D466A00711549 /* Resources */ = {
			isa = PBXResourcesBuildPhase;
			buildActionMask = 2147483647;
			files = (
			);
			runOnlyForDeploymentPostprocessing = 0;
		};
/* End PBXResourcesBuildPhase section */

/* Begin PBXSourcesBuildPhase section */
		2D7C13672E8D466800711549 /* Sources */ = {
			isa = PBXSourcesBuildPhase;
			buildActionMask = 2147483647;
			files = (
			);
			runOnlyForDeploymentPostprocessing = 0;
		};
		2D7C137D2E8D466A00711549 /* Sources */ = {
			isa = PBXSourcesBuildPhase;
			buildActionMask = 2147483647;
			files = (
			);
			runOnlyForDeploymentPostprocessing = 0;
		};
		2D7C13872E8D466A00711549 /* Sources */ = {
			isa = PBXSourcesBuildPhase;
			buildActionMask = 2147483647;
			files = (
			);
			runOnlyForDeploymentPostprocessing = 0;
		};
/* End PBXSourcesBuildPhase section */

/* Begin PBXTargetDependency section */
		2D7C13832E8D466A00711549 /* PBXTargetDependency */ = {
			isa = PBXTargetDependency;
			target = 2D7C136A2E8D466800711549 /* ARTLY */;
			targetProxy = 2D7C13822E8D466A00711549 /* PBXContainerItemProxy */;
		};
		2D7C138D2E8D466A00711549 /* PBXTargetDependency */ = {
			isa = PBXTargetDependency;
			target = 2D7C136A2E8D466800711549 /* ARTLY */;
			targetProxy = 2D7C138C2E8D466A00711549 /* PBXContainerItemProxy */;
		};
/* End PBXTargetDependency section */

/* Begin XCBuildConfiguration section */
		2D7C13952E8D466A00711549 /* Debug */ = {
			isa = XCBuildConfiguration;
			buildSettings = {
				ASSETCATALOG_COMPILER_APPICON_NAME = AppIcon;
				ASSETCATALOG_COMPILER_GLOBAL_ACCENT_COLOR_NAME = AccentColor;
				CODE_SIGN_ENTITLEMENTS = ARTLY/ARTLY.entitlements;
				CODE_SIGN_STYLE = Automatic;
				CURRENT_PROJECT_VERSION = 1.0.1;
				DEVELOPMENT_TEAM = 6KQ29YBG92;
				GENERATE_INFOPLIST_FILE = YES;
				INFOPLIST_FILE = ARTLY/Info.plist;
				INFOPLIST_KEY_UIApplicationSupportsIndirectInputEvents = YES;
				INFOPLIST_KEY_UILaunchStoryboardName = LaunchScreen;
				INFOPLIST_KEY_UIMainStoryboardFile = Main;
				INFOPLIST_KEY_UISupportedInterfaceOrientations_iPad = "UIInterfaceOrientationPortrait UIInterfaceOrientationPortraitUpsideDown UIInterfaceOrientationLandscapeLeft UIInterfaceOrientationLandscapeRight";
				INFOPLIST_KEY_UISupportedInterfaceOrientations_iPhone = "UIInterfaceOrientationPortrait UIInterfaceOrientationLandscapeLeft UIInterfaceOrientationLandscapeRight";
				LD_RUNPATH_SEARCH_PATHS = (
					"$(inherited)",
					"@executable_path/Frameworks",
				);
				MARKETING_VERSION = 1.0.1;
				PRODUCT_BUNDLE_IDENTIFIER = oddlemon.ARTLY;
				PRODUCT_NAME = "$(TARGET_NAME)";
				SWIFT_EMIT_LOC_STRINGS = YES;
				SWIFT_VERSION = 5.0;
				TARGETED_DEVICE_FAMILY = "1,2";
			};
			name = Debug;
		};
		2D7C13962E8D466A00711549 /* Release */ = {
			isa = XCBuildConfiguration;
			buildSettings = {
				ASSETCATALOG_COMPILER_APPICON_NAME = AppIcon;
				ASSETCATALOG_COMPILER_GLOBAL_ACCENT_COLOR_NAME = AccentColor;
				CODE_SIGN_ENTITLEMENTS = ARTLY/ARTLY.entitlements;
				CODE_SIGN_STYLE = Automatic;
				CURRENT_PROJECT_VERSION = 1.0.1;
				DEVELOPMENT_TEAM = 6KQ29YBG92;
				GENERATE_INFOPLIST_FILE = YES;
				INFOPLIST_FILE = ARTLY/Info.plist;
				INFOPLIST_KEY_UIApplicationSupportsIndirectInputEvents = YES;
				INFOPLIST_KEY_UILaunchStoryboardName = LaunchScreen;
				INFOPLIST_KEY_UIMainStoryboardFile = Main;
				INFOPLIST_KEY_UISupportedInterfaceOrientations_iPad = "UIInterfaceOrientationPortrait UIInterfaceOrientationPortraitUpsideDown UIInterfaceOrientationLandscapeLeft UIInterfaceOrientationLandscapeRight";
				INFOPLIST_KEY_UISupportedInterfaceOrientations_iPhone = "UIInterfaceOrientationPortrait UIInterfaceOrientationLandscapeLeft UIInterfaceOrientationLandscapeRight";
				LD_RUNPATH_SEARCH_PATHS = (
					"$(inherited)",
					"@executable_path/Frameworks",
				);
				MARKETING_VERSION = 1.0.1;
				PRODUCT_BUNDLE_IDENTIFIER = oddlemon.ARTLY;
				PRODUCT_NAME = "$(TARGET_NAME)";
				SWIFT_EMIT_LOC_STRINGS = YES;
				SWIFT_VERSION = 5.0;
				TARGETED_DEVICE_FAMILY = "1,2";
			};
			name = Release;
		};
		2D7C13972E8D466A00711549 /* Debug */ = {
			isa = XCBuildConfiguration;
			buildSettings = {
				ALWAYS_SEARCH_USER_PATHS = NO;
				ASSETCATALOG_COMPILER_GENERATE_SWIFT_ASSET_SYMBOL_EXTENSIONS = YES;
				CLANG_ANALYZER_NONNULL = YES;
				CLANG_ANALYZER_NUMBER_OBJECT_CONVERSION = YES_AGGRESSIVE;
				CLANG_CXX_LANGUAGE_STANDARD = "gnu++20";
				CLANG_ENABLE_MODULES = YES;
				CLANG_ENABLE_OBJC_ARC = YES;
				CLANG_ENABLE_OBJC_WEAK = YES;
				CLANG_WARN_BLOCK_CAPTURE_AUTORELEASING = YES;
				CLANG_WARN_BOOL_CONVERSION = YES;
				CLANG_WARN_COMMA = YES;
				CLANG_WARN_CONSTANT_CONVERSION = YES;
				CLANG_WARN_DEPRECATED_OBJC_IMPLEMENTATIONS = YES;
				CLANG_WARN_DIRECT_OBJC_ISA_USAGE = YES_ERROR;
				CLANG_WARN_DOCUMENTATION_COMMENTS = YES;
				CLANG_WARN_EMPTY_BODY = YES;
				CLANG_WARN_ENUM_CONVERSION = YES;
				CLANG_WARN_INFINITE_RECURSION = YES;
				CLANG_WARN_INT_CONVERSION = YES;
				CLANG_WARN_NON_LITERAL_NULL_CONVERSION = YES;
				CLANG_WARN_OBJC_IMPLICIT_RETAIN_SELF = YES;
				CLANG_WARN_OBJC_LITERAL_CONVERSION = YES;
				CLANG_WARN_OBJC_ROOT_CLASS = YES_ERROR;
				CLANG_WARN_QUOTED_INCLUDE_IN_FRAMEWORK_HEADER = YES;
				CLANG_WARN_RANGE_LOOP_ANALYSIS = YES;
				CLANG_WARN_STRICT_PROTOTYPES = YES;
				CLANG_WARN_SUSPICIOUS_MOVE = YES;
				CLANG_WARN_UNGUARDED_AVAILABILITY = YES_AGGRESSIVE;
				CLANG_WARN_UNREACHABLE_CODE = YES;
				CLANG_WARN__DUPLICATE_METHOD_MATCH = YES;
				COPY_PHASE_STRIP = NO;
				DEBUG_INFORMATION_FORMAT = dwarf;
				ENABLE_STRICT_OBJC_MSGSEND = YES;
				ENABLE_TESTABILITY = YES;
				ENABLE_USER_SCRIPT_SANDBOXING = YES;
				GCC_C_LANGUAGE_STANDARD = gnu17;
				GCC_DYNAMIC_NO_PIC = NO;
				GCC_NO_COMMON_BLOCKS = YES;
				GCC_OPTIMIZATION_LEVEL = 0;
				GCC_PREPROCESSOR_DEFINITIONS = (
					"DEBUG=1",
					"$(inherited)",
				);
				GCC_WARN_64_TO_32_BIT_CONVERSION = YES;
				GCC_WARN_ABOUT_RETURN_TYPE = YES_ERROR;
				GCC_WARN_UNDECLARED_SELECTOR = YES;
				GCC_WARN_UNINITIALIZED_AUTOS = YES_AGGRESSIVE;
				GCC_WARN_UNUSED_FUNCTION = YES;
				GCC_WARN_UNUSED_VARIABLE = YES;
				IPHONEOS_DEPLOYMENT_TARGET = 18.4;
				LOCALIZATION_PREFERS_STRING_CATALOGS = YES;
				MTL_ENABLE_DEBUG_INFO = INCLUDE_SOURCE;
				MTL_FAST_MATH = YES;
				ONLY_ACTIVE_ARCH = YES;
				SDKROOT = iphoneos;
				SWIFT_ACTIVE_COMPILATION_CONDITIONS = "DEBUG $(inherited)";
				SWIFT_OPTIMIZATION_LEVEL = "-Onone";
			};
			name = Debug;
		};
		2D7C13982E8D466A00711549 /* Release */ = {
			isa = XCBuildConfiguration;
			buildSettings = {
				ALWAYS_SEARCH_USER_PATHS = NO;
				ASSETCATALOG_COMPILER_GENERATE_SWIFT_ASSET_SYMBOL_EXTENSIONS = YES;
				CLANG_ANALYZER_NONNULL = YES;
				CLANG_ANALYZER_NUMBER_OBJECT_CONVERSION = YES_AGGRESSIVE;
				CLANG_CXX_LANGUAGE_STANDARD = "gnu++20";
				CLANG_ENABLE_MODULES = YES;
				CLANG_ENABLE_OBJC_ARC = YES;
				CLANG_ENABLE_OBJC_WEAK = YES;
				CLANG_WARN_BLOCK_CAPTURE_AUTORELEASING = YES;
				CLANG_WARN_BOOL_CONVERSION = YES;
				CLANG_WARN_COMMA = YES;
				CLANG_WARN_CONSTANT_CONVERSION = YES;
				CLANG_WARN_DEPRECATED_OBJC_IMPLEMENTATIONS = YES;
				CLANG_WARN_DIRECT_OBJC_ISA_USAGE = YES_ERROR;
				CLANG_WARN_DOCUMENTATION_COMMENTS = YES;
				CLANG_WARN_EMPTY_BODY = YES;
				CLANG_WARN_ENUM_CONVERSION = YES;
				CLANG_WARN_INFINITE_RECURSION = YES;
				CLANG_WARN_INT_CONVERSION = YES;
				CLANG_WARN_NON_LITERAL_NULL_CONVERSION = YES;
				CLANG_WARN_OBJC_IMPLICIT_RETAIN_SELF = YES;
				CLANG_WARN_OBJC_LITERAL_CONVERSION = YES;
				CLANG_WARN_OBJC_ROOT_CLASS = YES_ERROR;
				CLANG_WARN_QUOTED_INCLUDE_IN_FRAMEWORK_HEADER = YES;
				CLANG_WARN_RANGE_LOOP_ANALYSIS = YES;
				CLANG_WARN_STRICT_PROTOTYPES = YES;
				CLANG_WARN_SUSPICIOUS_MOVE = YES;
				CLANG_WARN_UNGUARDED_AVAILABILITY = YES_AGGRESSIVE;
				CLANG_WARN_UNREACHABLE_CODE = YES;
				CLANG_WARN__DUPLICATE_METHOD_MATCH = YES;
				COPY_PHASE_STRIP = NO;
				DEBUG_INFORMATION_FORMAT = "dwarf-with-dsym";
				ENABLE_NS_ASSERTIONS = NO;
				ENABLE_STRICT_OBJC_MSGSEND = YES;
				ENABLE_USER_SCRIPT_SANDBOXING = YES;
				GCC_C_LANGUAGE_STANDARD = gnu17;
				GCC_NO_COMMON_BLOCKS = YES;
				GCC_WARN_64_TO_32_BIT_CONVERSION = YES;
				GCC_WARN_ABOUT_RETURN_TYPE = YES_ERROR;
				GCC_WARN_UNDECLARED_SELECTOR = YES;
				GCC_WARN_UNINITIALIZED_AUTOS = YES_AGGRESSIVE;
				GCC_WARN_UNUSED_FUNCTION = YES;
				GCC_WARN_UNUSED_VARIABLE = YES;
				IPHONEOS_DEPLOYMENT_TARGET = 18.4;
				LOCALIZATION_PREFERS_STRING_CATALOGS = YES;
				MTL_ENABLE_DEBUG_INFO = NO;
				MTL_FAST_MATH = YES;
				SDKROOT = iphoneos;
				SWIFT_COMPILATION_MODE = wholemodule;
				VALIDATE_PRODUCT = YES;
			};
			name = Release;
		};
		2D7C139A2E8D466A00711549 /* Debug */ = {
			isa = XCBuildConfiguration;
			buildSettings = {
				BUNDLE_LOADER = "$(TEST_HOST)";
				CODE_SIGN_STYLE = Automatic;
				CURRENT_PROJECT_VERSION = 1;
				GENERATE_INFOPLIST_FILE = YES;
				IPHONEOS_DEPLOYMENT_TARGET = 18.4;
				MARKETING_VERSION = 1.0;
				PRODUCT_BUNDLE_IDENTIFIER = oddlemon.ARTLYTests;
				PRODUCT_NAME = "$(TARGET_NAME)";
				SWIFT_EMIT_LOC_STRINGS = NO;
				SWIFT_VERSION = 5.0;
				TARGETED_DEVICE_FAMILY = "1,2";
				TEST_HOST = "$(BUILT_PRODUCTS_DIR)/ARTLY.app/$(BUNDLE_EXECUTABLE_FOLDER_PATH)/ARTLY";
			};
			name = Debug;
		};
		2D7C139B2E8D466A00711549 /* Release */ = {
			isa = XCBuildConfiguration;
			buildSettings = {
				BUNDLE_LOADER = "$(TEST_HOST)";
				CODE_SIGN_STYLE = Automatic;
				CURRENT_PROJECT_VERSION = 1;
				GENERATE_INFOPLIST_FILE = YES;
				IPHONEOS_DEPLOYMENT_TARGET = 18.4;
				MARKETING_VERSION = 1.0;
				PRODUCT_BUNDLE_IDENTIFIER = oddlemon.ARTLYTests;
				PRODUCT_NAME = "$(TARGET_NAME)";
				SWIFT_EMIT_LOC_STRINGS = NO;
				SWIFT_VERSION = 5.0;
				TARGETED_DEVICE_FAMILY = "1,2";
				TEST_HOST = "$(BUILT_PRODUCTS_DIR)/ARTLY.app/$(BUNDLE_EXECUTABLE_FOLDER_PATH)/ARTLY";
			};
			name = Release;
		};
		2D7C139D2E8D466A00711549 /* Debug */ = {
			isa = XCBuildConfiguration;
			buildSettings = {
				CODE_SIGN_STYLE = Automatic;
				CURRENT_PROJECT_VERSION = 1;
				GENERATE_INFOPLIST_FILE = YES;
				MARKETING_VERSION = 1.0;
				PRODUCT_BUNDLE_IDENTIFIER = oddlemon.ARTLYUITests;
				PRODUCT_NAME = "$(TARGET_NAME)";
				SWIFT_EMIT_LOC_STRINGS = NO;
				SWIFT_VERSION = 5.0;
				TARGETED_DEVICE_FAMILY = "1,2";
				TEST_TARGET_NAME = ARTLY;
			};
			name = Debug;
		};
		2D7C139E2E8D466A00711549 /* Release */ = {
			isa = XCBuildConfiguration;
			buildSettings = {
				CODE_SIGN_STYLE = Automatic;
				CURRENT_PROJECT_VERSION = 1;
				GENERATE_INFOPLIST_FILE = YES;
				MARKETING_VERSION = 1.0;
				PRODUCT_BUNDLE_IDENTIFIER = oddlemon.ARTLYUITests;
				PRODUCT_NAME = "$(TARGET_NAME)";
				SWIFT_EMIT_LOC_STRINGS = NO;
				SWIFT_VERSION = 5.0;
				TARGETED_DEVICE_FAMILY = "1,2";
				TEST_TARGET_NAME = ARTLY;
			};
			name = Release;
		};
/* End XCBuildConfiguration section */

/* Begin XCConfigurationList section */
		2D7C13662E8D466800711549 /* Build configuration list for PBXProject "ARTLY" */ = {
			isa = XCConfigurationList;
			buildConfigurations = (
				2D7C13972E8D466A00711549 /* Debug */,
				2D7C13982E8D466A00711549 /* Release */,
			);
			defaultConfigurationIsVisible = 0;
			defaultConfigurationName = Release;
		};
		2D7C13942E8D466A00711549 /* Build configuration list for PBXNativeTarget "ARTLY" */ = {
			isa = XCConfigurationList;
			buildConfigurations = (
				2D7C13952E8D466A00711549 /* Debug */,
				2D7C13962E8D466A00711549 /* Release */,
			);
			defaultConfigurationIsVisible = 0;
			defaultConfigurationName = Release;
		};
		2D7C13992E8D466A00711549 /* Build configuration list for PBXNativeTarget "ARTLYTests" */ = {
			isa = XCConfigurationList;
			buildConfigurations = (
				2D7C139A2E8D466A00711549 /* Debug */,
				2D7C139B2E8D466A00711549 /* Release */,
			);
			defaultConfigurationIsVisible = 0;
			defaultConfigurationName = Release;
		};
		2D7C139C2E8D466A00711549 /* Build configuration list for PBXNativeTarget "ARTLYUITests" */ = {
			isa = XCConfigurationList;
			buildConfigurations = (
				2D7C139D2E8D466A00711549 /* Debug */,
				2D7C139E2E8D466A00711549 /* Release */,
			);
			defaultConfigurationIsVisible = 0;
			defaultConfigurationName = Release;
		};
/* End XCConfigurationList section */

/* Begin XCRemoteSwiftPackageReference section */
		2D55D0B32ED96B5C0013D077 /* XCRemoteSwiftPackageReference "firebase-ios-sdk" */ = {
			isa = XCRemoteSwiftPackageReference;
			repositoryURL = "https://github.com/firebase/firebase-ios-sdk";
			requirement = {
				kind = upToNextMajorVersion;
				minimumVersion = 12.6.0;
			};
		};
/* End XCRemoteSwiftPackageReference section */

/* Begin XCSwiftPackageProductDependency section */
		2D55D0B42ED96B5C0013D077 /* FirebaseMessaging */ = {
			isa = XCSwiftPackageProductDependency;
			package = 2D55D0B32ED96B5C0013D077 /* XCRemoteSwiftPackageReference "firebase-ios-sdk" */;
			productName = FirebaseMessaging;
		};
		2D55D0E32EE153660013D077 /* FirebaseInAppMessaging-Beta */ = {
			isa = XCSwiftPackageProductDependency;
			package = 2D55D0B32ED96B5C0013D077 /* XCRemoteSwiftPackageReference "firebase-ios-sdk" */;
			productName = "FirebaseInAppMessaging-Beta";
		};
/* End XCSwiftPackageProductDependency section */
	};
	rootObject = 2D7C13632E8D466800711549 /* Project object */;
}
